// !$*UTF8*$!
{
	archiveVersion = 1;
	classes = {
	};
	objectVersion = 48;
	objects = {

/* Begin PBXBuildFile section */
		9924A8E0206CAD0500C0C4D4 /* Info.plist in Resources */ = {isa = PBXBuildFile; fileRef = 9924A8DF206CAD0500C0C4D4 /* Info.plist */; };
		993EE43020690DFD00645F33 /* FriendsControllerHelper.swift in Sources */ = {isa = PBXBuildFile; fileRef = 993EE42F20690DFD00645F33 /* FriendsControllerHelper.swift */; };
		993EE45A206916CF00645F33 /* Model.xcdatamodeld in Sources */ = {isa = PBXBuildFile; fileRef = 993EE458206916CF00645F33 /* Model.xcdatamodeld */; };
		9945EC392069192B0094D419 /* ModalFriend+CoreDataClass.swift in Sources */ = {isa = PBXBuildFile; fileRef = 9945EC352069192B0094D419 /* ModalFriend+CoreDataClass.swift */; };
		9945EC3A2069192B0094D419 /* ModalFriend+CoreDataProperties.swift in Sources */ = {isa = PBXBuildFile; fileRef = 9945EC362069192B0094D419 /* ModalFriend+CoreDataProperties.swift */; };
		9945EC3B2069192B0094D419 /* ModalMessage+CoreDataClass.swift in Sources */ = {isa = PBXBuildFile; fileRef = 9945EC372069192B0094D419 /* ModalMessage+CoreDataClass.swift */; };
		9945EC3C2069192B0094D419 /* ModalMessage+CoreDataProperties.swift in Sources */ = {isa = PBXBuildFile; fileRef = 9945EC382069192B0094D419 /* ModalMessage+CoreDataProperties.swift */; };
		99A9480F206A1A0A00AD738A /* ChatLogViewController.swift in Sources */ = {isa = PBXBuildFile; fileRef = 99A9480E206A1A0A00AD738A /* ChatLogViewController.swift */; };
		99A94811206A226E00AD738A /* CustomTabBarController.swift in Sources */ = {isa = PBXBuildFile; fileRef = 99A94810206A226E00AD738A /* CustomTabBarController.swift */; };
		99F9D0F72031EFA200D9FFBF /* AppDelegate.swift in Sources */ = {isa = PBXBuildFile; fileRef = 99F9D0F62031EFA200D9FFBF /* AppDelegate.swift */; };
		99F9D0F92031EFA200D9FFBF /* FriendsController.swift in Sources */ = {isa = PBXBuildFile; fileRef = 99F9D0F82031EFA200D9FFBF /* FriendsController.swift */; };
		99F9D1042031EFA200D9FFBF /* LaunchScreen.storyboard in Resources */ = {isa = PBXBuildFile; fileRef = 99F9D1022031EFA200D9FFBF /* LaunchScreen.storyboard */; };
		99F9D10C2031F85600D9FFBF /* Assets.xcassets in Resources */ = {isa = PBXBuildFile; fileRef = 99F9D10B2031F85600D9FFBF /* Assets.xcassets */; };
/* End PBXBuildFile section */

/* Begin PBXFileReference section */
		9924A8DF206CAD0500C0C4D4 /* Info.plist */ = {isa = PBXFileReference; fileEncoding = 4; lastKnownFileType = text.plist.xml; path = Info.plist; sourceTree = "<group>"; };
		993EE42F20690DFD00645F33 /* FriendsControllerHelper.swift */ = {isa = PBXFileReference; lastKnownFileType = sourcecode.swift; path = FriendsControllerHelper.swift; sourceTree = "<group>"; };
		993EE459206916CF00645F33 /* Model.xcdatamodel */ = {isa = PBXFileReference; lastKnownFileType = wrapper.xcdatamodel; path = Model.xcdatamodel; sourceTree = "<group>"; };
		9945EC352069192B0094D419 /* ModalFriend+CoreDataClass.swift */ = {isa = PBXFileReference; lastKnownFileType = sourcecode.swift; path = "ModalFriend+CoreDataClass.swift"; sourceTree = "<group>"; };
		9945EC362069192B0094D419 /* ModalFriend+CoreDataProperties.swift */ = {isa = PBXFileReference; lastKnownFileType = sourcecode.swift; path = "ModalFriend+CoreDataProperties.swift"; sourceTree = "<group>"; };
		9945EC372069192B0094D419 /* ModalMessage+CoreDataClass.swift */ = {isa = PBXFileReference; lastKnownFileType = sourcecode.swift; path = "ModalMessage+CoreDataClass.swift"; sourceTree = "<group>"; };
		9945EC382069192B0094D419 /* ModalMessage+CoreDataProperties.swift */ = {isa = PBXFileReference; lastKnownFileType = sourcecode.swift; path = "ModalMessage+CoreDataProperties.swift"; sourceTree = "<group>"; };
		99A9480E206A1A0A00AD738A /* ChatLogViewController.swift */ = {isa = PBXFileReference; lastKnownFileType = sourcecode.swift; path = ChatLogViewController.swift; sourceTree = "<group>"; };
		99A94810206A226E00AD738A /* CustomTabBarController.swift */ = {isa = PBXFileReference; lastKnownFileType = sourcecode.swift; path = CustomTabBarController.swift; sourceTree = "<group>"; };
		99F9D0F32031EFA200D9FFBF /* Messenger.app */ = {isa = PBXFileReference; explicitFileType = wrapper.application; includeInIndex = 0; path = Messenger.app; sourceTree = BUILT_PRODUCTS_DIR; };
		99F9D0F62031EFA200D9FFBF /* AppDelegate.swift */ = {isa = PBXFileReference; lastKnownFileType = sourcecode.swift; path = AppDelegate.swift; sourceTree = "<group>"; };
		99F9D0F82031EFA200D9FFBF /* FriendsController.swift */ = {isa = PBXFileReference; lastKnownFileType = sourcecode.swift; path = FriendsController.swift; sourceTree = "<group>"; };
		99F9D1032031EFA200D9FFBF /* Base */ = {isa = PBXFileReference; lastKnownFileType = file.storyboard; name = Base; path = Base.lproj/LaunchScreen.storyboard; sourceTree = "<group>"; };
		99F9D10B2031F85600D9FFBF /* Assets.xcassets */ = {isa = PBXFileReference; lastKnownFileType = folder.assetcatalog; path = Assets.xcassets; sourceTree = "<group>"; };
/* End PBXFileReference section */

/* Begin PBXFrameworksBuildPhase section */
		99F9D0F02031EFA200D9FFBF /* Frameworks */ = {
			isa = PBXFrameworksBuildPhase;
			buildActionMask = 2147483647;
			files = (
			);
			runOnlyForDeploymentPostprocessing = 0;
		};
/* End PBXFrameworksBuildPhase section */

/* Begin PBXGroup section */
		99F9D0EA2031EFA200D9FFBF = {
			isa = PBXGroup;
			children = (
				9945EC352069192B0094D419 /* ModalFriend+CoreDataClass.swift */,
				9945EC362069192B0094D419 /* ModalFriend+CoreDataProperties.swift */,
				9945EC372069192B0094D419 /* ModalMessage+CoreDataClass.swift */,
				9945EC382069192B0094D419 /* ModalMessage+CoreDataProperties.swift */,
				99F9D0F52031EFA200D9FFBF /* FbMessenger */,
				99F9D0F42031EFA200D9FFBF /* Products */,
			);
			sourceTree = "<group>";
			usesTabs = 0;
		};
		99F9D0F42031EFA200D9FFBF /* Products */ = {
			isa = PBXGroup;
			children = (
				99F9D0F32031EFA200D9FFBF /* Messenger.app */,
			);
			name = Products;
			sourceTree = "<group>";
		};
		99F9D0F52031EFA200D9FFBF /* FbMessenger */ = {
			isa = PBXGroup;
			children = (
				99F9D0F62031EFA200D9FFBF /* AppDelegate.swift */,
				99F9D0F82031EFA200D9FFBF /* FriendsController.swift */,
				99F9D1022031EFA200D9FFBF /* LaunchScreen.storyboard */,
				99F9D10B2031F85600D9FFBF /* Assets.xcassets */,
				9924A8DF206CAD0500C0C4D4 /* Info.plist */,
				993EE42F20690DFD00645F33 /* FriendsControllerHelper.swift */,
				993EE458206916CF00645F33 /* Model.xcdatamodeld */,
				99A9480E206A1A0A00AD738A /* ChatLogViewController.swift */,
				99A94810206A226E00AD738A /* CustomTabBarController.swift */,
			);
			path = FbMessenger;
			sourceTree = "<group>";
		};
/* End PBXGroup section */

/* Begin PBXNativeTarget section */
		99F9D0F22031EFA200D9FFBF /* Messenger */ = {
			isa = PBXNativeTarget;
			buildConfigurationList = 99F9D1082031EFA200D9FFBF /* Build configuration list for PBXNativeTarget "Messenger" */;
			buildPhases = (
				99F9D0EF2031EFA200D9FFBF /* Sources */,
				99F9D0F02031EFA200D9FFBF /* Frameworks */,
				99F9D0F12031EFA200D9FFBF /* Resources */,
			);
			buildRules = (
			);
			dependencies = (
			);
			name = Messenger;
			productName = FbMessanger;
			productReference = 99F9D0F32031EFA200D9FFBF /* Messenger.app */;
			productType = "com.apple.product-type.application";
		};
/* End PBXNativeTarget section */

/* Begin PBXProject section */
		99F9D0EB2031EFA200D9FFBF /* Project object */ = {
			isa = PBXProject;
			attributes = {
				LastSwiftUpdateCheck = 0920;
				LastUpgradeCheck = 0920;
				ORGANIZATIONNAME = "Shubham Gupta";
				TargetAttributes = {
					99F9D0F22031EFA200D9FFBF = {
						CreatedOnToolsVersion = 9.2;
						ProvisioningStyle = Automatic;
					};
				};
			};
			buildConfigurationList = 99F9D0EE2031EFA200D9FFBF /* Build configuration list for PBXProject "Messenger" */;
			compatibilityVersion = "Xcode 8.0";
			developmentRegion = en;
			hasScannedForEncodings = 0;
			knownRegions = (
				en,
				Base,
			);
			mainGroup = 99F9D0EA2031EFA200D9FFBF;
			productRefGroup = 99F9D0F42031EFA200D9FFBF /* Products */;
			projectDirPath = "";
			projectRoot = "";
			targets = (
				99F9D0F22031EFA200D9FFBF /* Messenger */,
			);
		};
/* End PBXProject section */

/* Begin PBXResourcesBuildPhase section */
		99F9D0F12031EFA200D9FFBF /* Resources */ = {
			isa = PBXResourcesBuildPhase;
			buildActionMask = 2147483647;
			files = (
				99F9D10C2031F85600D9FFBF /* Assets.xcassets in Resources */,
				99F9D1042031EFA200D9FFBF /* LaunchScreen.storyboard in Resources */,
				9924A8E0206CAD0500C0C4D4 /* Info.plist in Resources */,
			);
			runOnlyForDeploymentPostprocessing = 0;
		};
/* End PBXResourcesBuildPhase section */

/* Begin PBXSourcesBuildPhase section */
		99F9D0EF2031EFA200D9FFBF /* Sources */ = {
			isa = PBXSourcesBuildPhase;
			buildActionMask = 2147483647;
			files = (
				99F9D0F92031EFA200D9FFBF /* FriendsController.swift in Sources */,
				9945EC3A2069192B0094D419 /* ModalFriend+CoreDataProperties.swift in Sources */,
				99A94811206A226E00AD738A /* CustomTabBarController.swift in Sources */,
				99F9D0F72031EFA200D9FFBF /* AppDelegate.swift in Sources */,
				9945EC3B2069192B0094D419 /* ModalMessage+CoreDataClass.swift in Sources */,
				993EE43020690DFD00645F33 /* FriendsControllerHelper.swift in Sources */,
				9945EC3C2069192B0094D419 /* ModalMessage+CoreDataProperties.swift in Sources */,
				99A9480F206A1A0A00AD738A /* ChatLogViewController.swift in Sources */,
				9945EC392069192B0094D419 /* ModalFriend+CoreDataClass.swift in Sources */,
				993EE45A206916CF00645F33 /* Model.xcdatamodeld in Sources */,
			);
			runOnlyForDeploymentPostprocessing = 0;
		};
/* End PBXSourcesBuildPhase section */

/* Begin PBXVariantGroup section */
		99F9D1022031EFA200D9FFBF /* LaunchScreen.storyboard */ = {
			isa = PBXVariantGroup;
			children = (
				99F9D1032031EFA200D9FFBF /* Base */,
			);
			name = LaunchScreen.storyboard;
			sourceTree = "<group>";
		};
/* End PBXVariantGroup section */

/* Begin XCBuildConfiguration section */
		99F9D1062031EFA200D9FFBF /* Debug */ = {
			isa = XCBuildConfiguration;
			buildSettings = {
				ALWAYS_SEARCH_USER_PATHS = NO;
				CLANG_ANALYZER_NONNULL = YES;
				CLANG_ANALYZER_NUMBER_OBJECT_CONVERSION = YES_AGGRESSIVE;
				CLANG_CXX_LANGUAGE_STANDARD = "gnu++14";
				CLANG_CXX_LIBRARY = "libc++";
				CLANG_ENABLE_MODULES = YES;
				CLANG_ENABLE_OBJC_ARC = YES;
				CLANG_WARN_BLOCK_CAPTURE_AUTORELEASING = YES;
				CLANG_WARN_BOOL_CONVERSION = YES;
				CLANG_WARN_COMMA = YES;
				CLANG_WARN_CONSTANT_CONVERSION = YES;
				CLANG_WARN_DIRECT_OBJC_ISA_USAGE = YES_ERROR;
				CLANG_WARN_DOCUMENTATION_COMMENTS = YES;
				CLANG_WARN_EMPTY_BODY = YES;
				CLANG_WARN_ENUM_CONVERSION = YES;
				CLANG_WARN_INFINITE_RECURSION = YES;
				CLANG_WARN_INT_CONVERSION = YES;
				CLANG_WARN_NON_LITERAL_NULL_CONVERSION = YES;
				CLANG_WARN_OBJC_LITERAL_CONVERSION = YES;
				CLANG_WARN_OBJC_ROOT_CLASS = YES_ERROR;
				CLANG_WARN_RANGE_LOOP_ANALYSIS = YES;
				CLANG_WARN_STRICT_PROTOTYPES = YES;
				CLANG_WARN_SUSPICIOUS_MOVE = YES;
				CLANG_WARN_UNGUARDED_AVAILABILITY = YES_AGGRESSIVE;
				CLANG_WARN_UNREACHABLE_CODE = YES;
				CLANG_WARN__DUPLICATE_METHOD_MATCH = YES;
				CODE_SIGN_IDENTITY = "iPhone Developer";
				COPY_PHASE_STRIP = NO;
				DEBUG_INFORMATION_FORMAT = dwarf;
				ENABLE_STRICT_OBJC_MSGSEND = YES;
				ENABLE_TESTABILITY = YES;
				GCC_C_LANGUAGE_STANDARD = gnu11;
				GCC_DYNAMIC_NO_PIC = NO;
				GCC_NO_COMMON_BLOCKS = YES;
				GCC_OPTIMIZATION_LEVEL = 0;
				GCC_PREPROCESSOR_DEFINITIONS = (
					"DEBUG=1",
					"$(inherited)",
				);
				GCC_WARN_64_TO_32_BIT_CONVERSION = YES;
				GCC_WARN_ABOUT_RETURN_TYPE = YES_ERROR;
				GCC_WARN_UNDECLARED_SELECTOR = YES;
				GCC_WARN_UNINITIALIZED_AUTOS = YES_AGGRESSIVE;
				GCC_WARN_UNUSED_FUNCTION = YES;
				GCC_WARN_UNUSED_VARIABLE = YES;
				IPHONEOS_DEPLOYMENT_TARGET = 11.2;
				MTL_ENABLE_DEBUG_INFO = YES;
				ONLY_ACTIVE_ARCH = YES;
				SDKROOT = iphoneos;
				SWIFT_ACTIVE_COMPILATION_CONDITIONS = DEBUG;
				SWIFT_OPTIMIZATION_LEVEL = "-Onone";
			};
			name = Debug;
		};
		99F9D1072031EFA200D9FFBF /* Release */ = {
			isa = XCBuildConfiguration;
			buildSettings = {
				ALWAYS_SEARCH_USER_PATHS = NO;
				CLANG_ANALYZER_NONNULL = YES;
				CLANG_ANALYZER_NUMBER_OBJECT_CONVERSION = YES_AGGRESSIVE;
				CLANG_CXX_LANGUAGE_STANDARD = "gnu++14";
				CLANG_CXX_LIBRARY = "libc++";
				CLANG_ENABLE_MODULES = YES;
				CLANG_ENABLE_OBJC_ARC = YES;
				CLANG_WARN_BLOCK_CAPTURE_AUTORELEASING = YES;
				CLANG_WARN_BOOL_CONVERSION = YES;
				CLANG_WARN_COMMA = YES;
				CLANG_WARN_CONSTANT_CONVERSION = YES;
				CLANG_WARN_DIRECT_OBJC_ISA_USAGE = YES_ERROR;
				CLANG_WARN_DOCUMENTATION_COMMENTS = YES;
				CLANG_WARN_EMPTY_BODY = YES;
				CLANG_WARN_ENUM_CONVERSION = YES;
				CLANG_WARN_INFINITE_RECURSION = YES;
				CLANG_WARN_INT_CONVERSION = YES;
				CLANG_WARN_NON_LITERAL_NULL_CONVERSION = YES;
				CLANG_WARN_OBJC_LITERAL_CONVERSION = YES;
				CLANG_WARN_OBJC_ROOT_CLASS = YES_ERROR;
				CLANG_WARN_RANGE_LOOP_ANALYSIS = YES;
				CLANG_WARN_STRICT_PROTOTYPES = YES;
				CLANG_WARN_SUSPICIOUS_MOVE = YES;
				CLANG_WARN_UNGUARDED_AVAILABILITY = YES_AGGRESSIVE;
				CLANG_WARN_UNREACHABLE_CODE = YES;
				CLANG_WARN__DUPLICATE_METHOD_MATCH = YES;
				CODE_SIGN_IDENTITY = "iPhone Developer";
				COPY_PHASE_STRIP = NO;
				DEBUG_INFORMATION_FORMAT = "dwarf-with-dsym";
				ENABLE_NS_ASSERTIONS = NO;
				ENABLE_STRICT_OBJC_MSGSEND = YES;
				GCC_C_LANGUAGE_STANDARD = gnu11;
				GCC_NO_COMMON_BLOCKS = YES;
				GCC_WARN_64_TO_32_BIT_CONVERSION = YES;
				GCC_WARN_ABOUT_RETURN_TYPE = YES_ERROR;
				GCC_WARN_UNDECLARED_SELECTOR = YES;
				GCC_WARN_UNINITIALIZED_AUTOS = YES_AGGRESSIVE;
				GCC_WARN_UNUSED_FUNCTION = YES;
				GCC_WARN_UNUSED_VARIABLE = YES;
				IPHONEOS_DEPLOYMENT_TARGET = 11.2;
				MTL_ENABLE_DEBUG_INFO = NO;
				SDKROOT = iphoneos;
				SWIFT_OPTIMIZATION_LEVEL = "-Owholemodule";
				VALIDATE_PRODUCT = YES;
			};
			name = Release;
		};
		99F9D1092031EFA200D9FFBF /* Debug */ = {
			isa = XCBuildConfiguration;
			buildSettings = {
				ASSETCATALOG_COMPILER_APPICON_NAME = AppIcon;
				CODE_SIGN_STYLE = Automatic;
				DEVELOPMENT_TEAM = MDQA6QCU4Z;
				INFOPLIST_FILE = "$(SRCROOT)/FbMessenger/Info.plist";
				LD_RUNPATH_SEARCH_PATHS = "$(inherited) @executable_path/Frameworks";
				PRODUCT_BUNDLE_IDENTIFIER = com.terasol.messenger;
				PRODUCT_NAME = "$(TARGET_NAME)";
				SWIFT_VERSION = 4.0;
				TARGETED_DEVICE_FAMILY = "1,2";
			};
			name = Debug;
		};
		99F9D10A2031EFA200D9FFBF /* Release */ = {
			isa = XCBuildConfiguration;
			buildSettings = {
				ASSETCATALOG_COMPILER_APPICON_NAME = AppIcon;
				CODE_SIGN_STYLE = Automatic;
				DEVELOPMENT_TEAM = MDQA6QCU4Z;
				INFOPLIST_FILE = "$(SRCROOT)/FbMessenger/Info.plist";
				LD_RUNPATH_SEARCH_PATHS = "$(inherited) @executable_path/Frameworks";
				PRODUCT_BUNDLE_IDENTIFIER = com.terasol.messenger;
				PRODUCT_NAME = "$(TARGET_NAME)";
				SWIFT_VERSION = 4.0;
				TARGETED_DEVICE_FAMILY = "1,2";
			};
			name = Release;
		};
/* End XCBuildConfiguration section */

/* Begin XCConfigurationList section */
		99F9D0EE2031EFA200D9FFBF /* Build configuration list for PBXProject "Messenger" */ = {
			isa = XCConfigurationList;
			buildConfigurations = (
				99F9D1062031EFA200D9FFBF /* Debug */,
				99F9D1072031EFA200D9FFBF /* Release */,
			);
			defaultConfigurationIsVisible = 0;
			defaultConfigurationName = Release;
		};
		99F9D1082031EFA200D9FFBF /* Build configuration list for PBXNativeTarget "Messenger" */ = {
			isa = XCConfigurationList;
			buildConfigurations = (
				99F9D1092031EFA200D9FFBF /* Debug */,
				99F9D10A2031EFA200D9FFBF /* Release */,
			);
			defaultConfigurationIsVisible = 0;
			defaultConfigurationName = Release;
		};
/* End XCConfigurationList section */

/* Begin XCVersionGroup section */
		993EE458206916CF00645F33 /* Model.xcdatamodeld */ = {
			isa = XCVersionGroup;
			children = (
				993EE459206916CF00645F33 /* Model.xcdatamodel */,
			);
			currentVersion = 993EE459206916CF00645F33 /* Model.xcdatamodel */;
			path = Model.xcdatamodeld;
			sourceTree = "<group>";
			versionGroupType = wrapper.xcdatamodel;
		};
/* End XCVersionGroup section */
	};
	rootObject = 99F9D0EB2031EFA200D9FFBF /* Project object */;
}
